
Microsoft Visual Studio Solution File, Format Version 12.00
# Visual Studio 15
Project("{FAE04EC0-301F-11D3-BF4B-00C04F79EFBC}") = "Assembly-CSharp-firstpass", "Assembly-CSharp-firstpass.csproj", "{AA4A873C-1586-EC49-8DEB-49DF54526A6C}"
EndProject
Project("{FAE04EC0-301F-11D3-BF4B-00C04F79EFBC}") = "Assembly-CSharp", "Assembly-CSharp.csproj", "{C228797A-5DF5-07CF-6F6F-05F9D117B08A}"
EndProject
Project("{FAE04EC0-301F-11D3-BF4B-00C04F79EFBC}") = "Assembly-CSharp-Editor-firstpass", "Assembly-CSharp-Editor-firstpass.csproj", "{D39AAC4A-37A5-3DEF-F378-A6A180158500}"
EndProject
Project("{FAE04EC0-301F-11D3-BF4B-00C04F79EFBC}") = "Assembly-CSharp-Editor", "Assembly-CSharp-Editor.csproj", "{8376627E-5880-3A4C-7FFF-725FCD050544}"
EndProject
Global
	GlobalSection(SolutionConfigurationPlatforms) = preSolution
		Debug|Any CPU = Debug|Any CPU
		Release|Any CPU = Release|Any CPU
	EndGlobalSection
	GlobalSection(ProjectConfigurationPlatforms) = postSolution
		{AA4A873C-1586-EC49-8DEB-49DF54526A6C}.Debug|Any CPU.ActiveCfg = Debug|Any CPU
		{AA4A873C-1586-EC49-8DEB-49DF54526A6C}.Debug|Any CPU.Build.0 = Debug|Any CPU
		{AA4A873C-1586-EC49-8DEB-49DF54526A6C}.Release|Any CPU.ActiveCfg = Release|Any CPU
		{AA4A873C-1586-EC49-8DEB-49DF54526A6C}.Release|Any CPU.Build.0 = Release|Any CPU
		{C228797A-5DF5-07CF-6F6F-05F9D117B08A}.Debug|Any CPU.ActiveCfg = Debug|Any CPU
		{C228797A-5DF5-07CF-6F6F-05F9D117B08A}.Debug|Any CPU.Build.0 = Debug|Any CPU
		{C228797A-5DF5-07CF-6F6F-05F9D117B08A}.Release|Any CPU.ActiveCfg = Release|Any CPU
		{C228797A-5DF5-07CF-6F6F-05F9D117B08A}.Release|Any CPU.Build.0 = Release|Any CPU
		{D39AAC4A-37A5-3DEF-F378-A6A180158500}.Debug|Any CPU.ActiveCfg = Debug|Any CPU
		{D39AAC4A-37A5-3DEF-F378-A6A180158500}.Debug|Any CPU.Build.0 = Debug|Any CPU
		{D39AAC4A-37A5-3DEF-F378-A6A180158500}.Release|Any CPU.ActiveCfg = Release|Any CPU
		{D39AAC4A-37A5-3DEF-F378-A6A180158500}.Release|Any CPU.Build.0 = Release|Any CPU
		{8376627E-5880-3A4C-7FFF-725FCD050544}.Debug|Any CPU.ActiveCfg = Debug|Any CPU
		{8376627E-5880-3A4C-7FFF-725FCD050544}.Debug|Any CPU.Build.0 = Debug|Any CPU
		{8376627E-5880-3A4C-7FFF-725FCD050544}.Release|Any CPU.ActiveCfg = Release|Any CPU
		{8376627E-5880-3A4C-7FFF-725FCD050544}.Release|Any CPU.Build.0 = Release|Any CPU
	EndGlobalSection
	GlobalSection(SolutionProperties) = preSolution
		HideSolutionNode = FALSE
	EndGlobalSection
EndGlobal
